
Microsoft Visual Studio Solution File, Format Version 12.00
# Visual Studio Version 17
VisualStudioVersion = 17.3.32811.315
MinimumVisualStudioVersion = 10.0.40219.1
Project("{8BC9CEB8-8B4A-11D0-8D11-00A0C91BC942}") = "Project_IP_32to10", "Project_IP_32to10.vcxproj", "{2A388AC7-40FE-464F-A2E5-436724873702}"
EndProject
Global
	GlobalSection(SolutionConfigurationPlatforms) = preSolution
		Debug|x64 = Debug|x64
		Debug|x86 = Debug|x86
		Release|x64 = Release|x64
		Release|x86 = Release|x86
	EndGlobalSection
	GlobalSection(ProjectConfigurationPlatforms) = postSolution
		{2A388AC7-40FE-464F-A2E5-436724873702}.Debug|x64.ActiveCfg = Debug|x64
		{2A388AC7-40FE-464F-A2E5-436724873702}.Debug|x64.Build.0 = Debug|x64
		{2A388AC7-40FE-464F-A2E5-436724873702}.Debug|x86.ActiveCfg = Debug|Win32
		{2A388AC7-40FE-464F-A2E5-436724873702}.Debug|x86.Build.0 = Debug|Win32
		{2A388AC7-40FE-464F-A2E5-436724873702}.Release|x64.ActiveCfg = Release|x64
		{2A388AC7-40FE-464F-A2E5-436724873702}.Release|x64.Build.0 = Release|x64
		{2A388AC7-40FE-464F-A2E5-436724873702}.Release|x86.ActiveCfg = Release|Win32
		{2A388AC7-40FE-464F-A2E5-436724873702}.Release|x86.Build.0 = Release|Win32
	EndGlobalSection
	GlobalSection(SolutionProperties) = preSolution
		HideSolutionNode = FALSE
	EndGlobalSection
	GlobalSection(ExtensibilityGlobals) = postSolution
		SolutionGuid = {560FDCF0-3E8A-404E-87D6-3D0FC825F671}
	EndGlobalSection
EndGlobal
