
Microsoft Visual Studio Solution File, Format Version 12.00
# Visual Studio Version 17
VisualStudioVersion = 17.3.32811.315
MinimumVisualStudioVersion = 10.0.40219.1
Project("{8BC9CEB8-8B4A-11D0-8D11-00A0C91BC942}") = "Project_chars", "Project_chars.vcxproj", "{FE6FA969-38C1-4DF9-9952-EC17077C4982}"
EndProject
Global
	GlobalSection(SolutionConfigurationPlatforms) = preSolution
		Debug|x64 = Debug|x64
		Debug|x86 = Debug|x86
		Release|x64 = Release|x64
		Release|x86 = Release|x86
	EndGlobalSection
	GlobalSection(ProjectConfigurationPlatforms) = postSolution
		{FE6FA969-38C1-4DF9-9952-EC17077C4982}.Debug|x64.ActiveCfg = Debug|x64
		{FE6FA969-38C1-4DF9-9952-EC17077C4982}.Debug|x64.Build.0 = Debug|x64
		{FE6FA969-38C1-4DF9-9952-EC17077C4982}.Debug|x86.ActiveCfg = Debug|Win32
		{FE6FA969-38C1-4DF9-9952-EC17077C4982}.Debug|x86.Build.0 = Debug|Win32
		{FE6FA969-38C1-4DF9-9952-EC17077C4982}.Release|x64.ActiveCfg = Release|x64
		{FE6FA969-38C1-4DF9-9952-EC17077C4982}.Release|x64.Build.0 = Release|x64
		{FE6FA969-38C1-4DF9-9952-EC17077C4982}.Release|x86.ActiveCfg = Release|Win32
		{FE6FA969-38C1-4DF9-9952-EC17077C4982}.Release|x86.Build.0 = Release|Win32
	EndGlobalSection
	GlobalSection(SolutionProperties) = preSolution
		HideSolutionNode = FALSE
	EndGlobalSection
	GlobalSection(ExtensibilityGlobals) = postSolution
		SolutionGuid = {72A272E4-6AFE-4E45-BC44-03E401B9D8F4}
	EndGlobalSection
EndGlobal
