
Microsoft Visual Studio Solution File, Format Version 12.00
# Visual Studio Version 17
VisualStudioVersion = 17.3.32811.315
MinimumVisualStudioVersion = 10.0.40219.1
Project("{8BC9CEB8-8B4A-11D0-8D11-00A0C91BC942}") = "fx_trans10to16_11.10", "fx_trans10to16_11.10.vcxproj", "{467821D0-2843-481C-91EF-5EA2A43F30F5}"
EndProject
Global
	GlobalSection(SolutionConfigurationPlatforms) = preSolution
		Debug|x64 = Debug|x64
		Debug|x86 = Debug|x86
		Release|x64 = Release|x64
		Release|x86 = Release|x86
	EndGlobalSection
	GlobalSection(ProjectConfigurationPlatforms) = postSolution
		{467821D0-2843-481C-91EF-5EA2A43F30F5}.Debug|x64.ActiveCfg = Debug|x64
		{467821D0-2843-481C-91EF-5EA2A43F30F5}.Debug|x64.Build.0 = Debug|x64
		{467821D0-2843-481C-91EF-5EA2A43F30F5}.Debug|x86.ActiveCfg = Debug|Win32
		{467821D0-2843-481C-91EF-5EA2A43F30F5}.Debug|x86.Build.0 = Debug|Win32
		{467821D0-2843-481C-91EF-5EA2A43F30F5}.Release|x64.ActiveCfg = Release|x64
		{467821D0-2843-481C-91EF-5EA2A43F30F5}.Release|x64.Build.0 = Release|x64
		{467821D0-2843-481C-91EF-5EA2A43F30F5}.Release|x86.ActiveCfg = Release|Win32
		{467821D0-2843-481C-91EF-5EA2A43F30F5}.Release|x86.Build.0 = Release|Win32
	EndGlobalSection
	GlobalSection(SolutionProperties) = preSolution
		HideSolutionNode = FALSE
	EndGlobalSection
	GlobalSection(ExtensibilityGlobals) = postSolution
		SolutionGuid = {2D1C9B75-6E73-4C23-B0F7-3B486B654017}
	EndGlobalSection
EndGlobal
